
Microsoft Visual Studio Solution File, Format Version 12.00
# Visual Studio Version 17
VisualStudioVersion = 17.2.32505.173
MinimumVisualStudioVersion = 10.0.40219.1
Project("{9A19103F-16F7-4668-BE54-9A1E7A4F7556}") = "UserAPI", "UserAPI.csproj", "{9C272424-1890-436C-AB71-E2C5811E676C}"
EndProject
Project("{FAE04EC0-301F-11D3-BF4B-00C04F79EFBC}") = "UserAPIClient", "..\UserAPIClient\UserAPIClient.csproj", "{69DC1FCF-7EF5-41B5-ACE3-5952D5F3886C}"
EndProject
Global
	GlobalSection(SolutionConfigurationPlatforms) = preSolution
		Debug|Any CPU = Debug|Any CPU
		Release|Any CPU = Release|Any CPU
	EndGlobalSection
	GlobalSection(ProjectConfigurationPlatforms) = postSolution
		{9C272424-1890-436C-AB71-E2C5811E676C}.Debug|Any CPU.ActiveCfg = Debug|Any CPU
		{9C272424-1890-436C-AB71-E2C5811E676C}.Debug|Any CPU.Build.0 = Debug|Any CPU
		{9C272424-1890-436C-AB71-E2C5811E676C}.Release|Any CPU.ActiveCfg = Release|Any CPU
		{9C272424-1890-436C-AB71-E2C5811E676C}.Release|Any CPU.Build.0 = Release|Any CPU
		{69DC1FCF-7EF5-41B5-ACE3-5952D5F3886C}.Debug|Any CPU.ActiveCfg = Debug|Any CPU
		{69DC1FCF-7EF5-41B5-ACE3-5952D5F3886C}.Debug|Any CPU.Build.0 = Debug|Any CPU
		{69DC1FCF-7EF5-41B5-ACE3-5952D5F3886C}.Release|Any CPU.ActiveCfg = Release|Any CPU
		{69DC1FCF-7EF5-41B5-ACE3-5952D5F3886C}.Release|Any CPU.Build.0 = Release|Any CPU
	EndGlobalSection
	GlobalSection(SolutionProperties) = preSolution
		HideSolutionNode = FALSE
	EndGlobalSection
	GlobalSection(ExtensibilityGlobals) = postSolution
		SolutionGuid = {73380524-4E42-4DCA-B8B0-210FC1ECD780}
	EndGlobalSection
EndGlobal
